// !$*UTF8*$!
{
	archiveVersion = 1;
	classes = {
	};
	objectVersion = 77;
	objects = {

/* Begin PBXBuildFile section */
		AF001AAA2FFF000000000001 /* SubscriptionKit in Frameworks */ = {isa = PBXBuildFile; productRef = AF001AAA2FFF000000000002 /* SubscriptionKit */; };
		AFAD3C092FDD4C8400E5083C /* ReceiptParser in Frameworks */ = {isa = PBXBuildFile; productRef = AFAD3C082FDD4C8400E5083C /* ReceiptParser */; };
		AFAD3C0B2FDD4C8400E5083C /* RevenueCat in Frameworks */ = {isa = PBXBuildFile; productRef = AFAD3C0A2FDD4C8400E5083C /* RevenueCat */; };
		AFAD3C0D2FDD4C8400E5083C /* RevenueCatUI in Frameworks */ = {isa = PBXBuildFile; productRef = AFAD3C0C2FDD4C8400E5083C /* RevenueCatUI */; };
/* End PBXBuildFile section */

/* Begin PBXContainerItemProxy section */
		AFAD3C172FDD580000E5083C /* PBXContainerItemProxy */ = {
			isa = PBXContainerItemProxy;
			containerPortal = AFAD3BF12FDD4C5200E5083C /* Project object */;
			proxyType = 1;
			remoteGlobalIDString = AFAD3BF82FDD4C5200E5083C;
			remoteInfo = SubscriptionKitExample;
		};
/* End PBXContainerItemProxy section */

/* Begin PBXFileReference section */
		AFAD3BF92FDD4C5200E5083C /* SubscriptionKitExample.app */ = {isa = PBXFileReference; explicitFileType = wrapper.application; includeInIndex = 0; path = SubscriptionKitExample.app; sourceTree = BUILT_PRODUCTS_DIR; };
		AFAD3C112FDD580000E5083C /* SubscriptionKitExampleTests.xctest */ = {isa = PBXFileReference; explicitFileType = wrapper.cfbundle; includeInIndex = 0; path = SubscriptionKitExampleTests.xctest; sourceTree = BUILT_PRODUCTS_DIR; };
/* End PBXFileReference section */

/* Begin PBXFileSystemSynchronizedRootGroup section */
		AFAD3BFB2FDD4C5200E5083C /* SubscriptionKitExample */ = {
			isa = PBXFileSystemSynchronizedRootGroup;
			path = SubscriptionKitExample;
			sourceTree = "<group>";
		};
		AFAD3C102FDD580000E5083C /* SubscriptionKitExampleTests */ = {
			isa = PBXFileSystemSynchronizedRootGroup;
			path = SubscriptionKitExampleTests;
			sourceTree = "<group>";
		};
/* End PBXFileSystemSynchronizedRootGroup section */

/* Begin PBXFrameworksBuildPhase section */
		AFAD3BF62FDD4C5200E5083C /* Frameworks */ = {
			isa = PBXFrameworksBuildPhase;
			buildActionMask = 2147483647;
			files = (
				AFAD3C0B2FDD4C8400E5083C /* RevenueCat in Frameworks */,
				AFAD3C092FDD4C8400E5083C /* ReceiptParser in Frameworks */,
				AFAD3C0D2FDD4C8400E5083C /* RevenueCatUI in Frameworks */,
				AF001AAA2FFF000000000001 /* SubscriptionKit in Frameworks */,
			);
			runOnlyForDeploymentPostprocessing = 0;
		};
		AFAD3C142FDD580000E5083C /* Frameworks */ = {
			isa = PBXFrameworksBuildPhase;
			buildActionMask = 2147483647;
			files = (
			);
			runOnlyForDeploymentPostprocessing = 0;
		};
/* End PBXFrameworksBuildPhase section */

/* Begin PBXGroup section */
		AFAD3BF02FDD4C5200E5083C = {
			isa = PBXGroup;
			children = (
				AFAD3BFB2FDD4C5200E5083C /* SubscriptionKitExample */,
				AFAD3C102FDD580000E5083C /* SubscriptionKitExampleTests */,
				AFAD3BFA2FDD4C5200E5083C /* Products */,
			);
			sourceTree = "<group>";
		};
		AFAD3BFA2FDD4C5200E5083C /* Products */ = {
			isa = PBXGroup;
			children = (
				AFAD3BF92FDD4C5200E5083C /* SubscriptionKitExample.app */,
				AFAD3C112FDD580000E5083C /* SubscriptionKitExampleTests.xctest */,
			);
			name = Products;
			sourceTree = "<group>";
		};
/* End PBXGroup section */

/* Begin PBXNativeTarget section */
		AFAD3BF82FDD4C5200E5083C /* SubscriptionKitExample */ = {
			isa = PBXNativeTarget;
			buildConfigurationList = AFAD3C042FDD4C5200E5083C /* Build configuration list for PBXNativeTarget "SubscriptionKitExample" */;
			buildPhases = (
				AFAD3BF52FDD4C5200E5083C /* Sources */,
				AFAD3BF62FDD4C5200E5083C /* Frameworks */,
				AFAD3BF72FDD4C5200E5083C /* Resources */,
			);
			buildRules = (
			);
			dependencies = (
			);
			fileSystemSynchronizedGroups = (
				AFAD3BFB2FDD4C5200E5083C /* SubscriptionKitExample */,
			);
			name = SubscriptionKitExample;
			packageProductDependencies = (
				AFAD3C082FDD4C8400E5083C /* ReceiptParser */,
				AFAD3C0A2FDD4C8400E5083C /* RevenueCat */,
				AFAD3C0C2FDD4C8400E5083C /* RevenueCatUI */,
				AF001AAA2FFF000000000002 /* SubscriptionKit */,
			);
			productName = SubscriptionKitExample;
			productReference = AFAD3BF92FDD4C5200E5083C /* SubscriptionKitExample.app */;
			productType = "com.apple.product-type.application";
		};
		AFAD3C122FDD580000E5083C /* SubscriptionKitExampleTests */ = {
			isa = PBXNativeTarget;
			buildConfigurationList = AFAD3C192FDD580000E5083C /* Build configuration list for PBXNativeTarget "SubscriptionKitExampleTests" */;
			buildPhases = (
				AFAD3C132FDD580000E5083C /* Sources */,
				AFAD3C142FDD580000E5083C /* Frameworks */,
				AFAD3C152FDD580000E5083C /* Resources */,
			);
			buildRules = (
			);
			dependencies = (
				AFAD3C182FDD580000E5083C /* PBXTargetDependency */,
			);
			fileSystemSynchronizedGroups = (
				AFAD3C102FDD580000E5083C /* SubscriptionKitExampleTests */,
			);
			name = SubscriptionKitExampleTests;
			packageProductDependencies = (
			);
			productName = SubscriptionKitExampleTests;
			productReference = AFAD3C112FDD580000E5083C /* SubscriptionKitExampleTests.xctest */;
			productType = "com.apple.product-type.bundle.unit-test";
		};
/* End PBXNativeTarget section */

/* Begin PBXProject section */
		AFAD3BF12FDD4C5200E5083C /* Project object */ = {
			isa = PBXProject;
			attributes = {
				BuildIndependentTargetsInParallel = 1;
				LastSwiftUpdateCheck = 2650;
				LastUpgradeCheck = 2650;
				TargetAttributes = {
					AFAD3BF82FDD4C5200E5083C = {
						CreatedOnToolsVersion = 26.5;
					};
					AFAD3C122FDD580000E5083C = {
						CreatedOnToolsVersion = 26.5;
						TestTargetID = AFAD3BF82FDD4C5200E5083C;
					};
				};
			};
			buildConfigurationList = AFAD3BF42FDD4C5200E5083C /* Build configuration list for PBXProject "SubscriptionKitExample" */;
			developmentRegion = en;
			hasScannedForEncodings = 0;
			knownRegions = (
				en,
				Base,
			);
			mainGroup = AFAD3BF02FDD4C5200E5083C;
			minimizedProjectReferenceProxies = 1;
			packageReferences = (
				AFAD3C072FDD4C8300E5083C /* XCRemoteSwiftPackageReference "purchases-ios-spm" */,
				AF001AAA2FFF000000000003 /* XCLocalSwiftPackageReference "../" */,
			);
			preferredProjectObjectVersion = 77;
			productRefGroup = AFAD3BFA2FDD4C5200E5083C /* Products */;
			projectDirPath = "";
			projectRoot = "";
			targets = (
				AFAD3BF82FDD4C5200E5083C /* SubscriptionKitExample */,
				AFAD3C122FDD580000E5083C /* SubscriptionKitExampleTests */,
			);
		};
/* End PBXProject section */

/* Begin PBXResourcesBuildPhase section */
		AFAD3BF72FDD4C5200E5083C /* Resources */ = {
			isa = PBXResourcesBuildPhase;
			buildActionMask = 2147483647;
			files = (
			);
			runOnlyForDeploymentPostprocessing = 0;
		};
		AFAD3C152FDD580000E5083C /* Resources */ = {
			isa = PBXResourcesBuildPhase;
			buildActionMask = 2147483647;
			files = (
			);
			runOnlyForDeploymentPostprocessing = 0;
		};
/* End PBXResourcesBuildPhase section */

/* Begin PBXSourcesBuildPhase section */
		AFAD3BF52FDD4C5200E5083C /* Sources */ = {
			isa = PBXSourcesBuildPhase;
			buildActionMask = 2147483647;
			files = (
			);
			runOnlyForDeploymentPostprocessing = 0;
		};
		AFAD3C132FDD580000E5083C /* Sources */ = {
			isa = PBXSourcesBuildPhase;
			buildActionMask = 2147483647;
			files = (
			);
			runOnlyForDeploymentPostprocessing = 0;
		};
/* End PBXSourcesBuildPhase section */

/* Begin PBXTargetDependency section */
		AFAD3C182FDD580000E5083C /* PBXTargetDependency */ = {
			isa = PBXTargetDependency;
			target = AFAD3BF82FDD4C5200E5083C /* SubscriptionKitExample */;
			targetProxy = AFAD3C172FDD580000E5083C /* PBXContainerItemProxy */;
		};
/* End PBXTargetDependency section */

/* Begin XCBuildConfiguration section */
		AFAD3C022FDD4C5200E5083C /* Debug */ = {
			isa = XCBuildConfiguration;
			buildSettings = {
				ALWAYS_SEARCH_USER_PATHS = NO;
				ASSETCATALOG_COMPILER_GENERATE_SWIFT_ASSET_SYMBOL_EXTENSIONS = YES;
				CLANG_ANALYZER_NONNULL = YES;
				CLANG_ANALYZER_NUMBER_OBJECT_CONVERSION = YES_AGGRESSIVE;
				CLANG_CXX_LANGUAGE_STANDARD = "gnu++20";
				CLANG_ENABLE_MODULES = YES;
				CLANG_ENABLE_OBJC_ARC = YES;
				CLANG_ENABLE_OBJC_WEAK = YES;
				CLANG_WARN_BLOCK_CAPTURE_AUTORELEASING = YES;
				CLANG_WARN_BOOL_CONVERSION = YES;
				CLANG_WARN_COMMA = YES;
				CLANG_WARN_CONSTANT_CONVERSION = YES;
				CLANG_WARN_DEPRECATED_OBJC_IMPLEMENTATIONS = YES;
				CLANG_WARN_DIRECT_OBJC_ISA_USAGE = YES_ERROR;
				CLANG_WARN_DOCUMENTATION_COMMENTS = YES;
				CLANG_WARN_EMPTY_BODY = YES;
				CLANG_WARN_ENUM_CONVERSION = YES;
				CLANG_WARN_INFINITE_RECURSION = YES;
				CLANG_WARN_INT_CONVERSION = YES;
				CLANG_WARN_NON_LITERAL_NULL_CONVERSION = YES;
				CLANG_WARN_OBJC_IMPLICIT_RETAIN_SELF = YES;
				CLANG_WARN_OBJC_LITERAL_CONVERSION = YES;
				CLANG_WARN_OBJC_ROOT_CLASS = YES_ERROR;
				CLANG_WARN_QUOTED_INCLUDE_IN_FRAMEWORK_HEADER = YES;
				CLANG_WARN_RANGE_LOOP_ANALYSIS = YES;
				CLANG_WARN_STRICT_PROTOTYPES = YES;
				CLANG_WARN_SUSPICIOUS_MOVE = YES;
				CLANG_WARN_UNGUARDED_AVAILABILITY = YES_AGGRESSIVE;
				CLANG_WARN_UNREACHABLE_CODE = YES;
				CLANG_WARN__DUPLICATE_METHOD_MATCH = YES;
				COPY_PHASE_STRIP = NO;
				DEBUG_INFORMATION_FORMAT = dwarf;
				DEVELOPMENT_TEAM = JA7LR8633A;
				ENABLE_STRICT_OBJC_MSGSEND = YES;
				ENABLE_TESTABILITY = YES;
				ENABLE_USER_SCRIPT_SANDBOXING = YES;
				GCC_C_LANGUAGE_STANDARD = gnu17;
				GCC_DYNAMIC_NO_PIC = NO;
				GCC_NO_COMMON_BLOCKS = YES;
				GCC_OPTIMIZATION_LEVEL = 0;
				GCC_PREPROCESSOR_DEFINITIONS = (
					"DEBUG=1",
					"$(inherited)",
				);
				GCC_WARN_64_TO_32_BIT_CONVERSION = YES;
				GCC_WARN_ABOUT_RETURN_TYPE = YES_ERROR;
				GCC_WARN_UNDECLARED_SELECTOR = YES;
				GCC_WARN_UNINITIALIZED_AUTOS = YES_AGGRESSIVE;
				GCC_WARN_UNUSED_FUNCTION = YES;
				GCC_WARN_UNUSED_VARIABLE = YES;
				IPHONEOS_DEPLOYMENT_TARGET = 26.5;
				LOCALIZATION_PREFERS_STRING_CATALOGS = YES;
				MTL_ENABLE_DEBUG_INFO = INCLUDE_SOURCE;
				MTL_FAST_MATH = YES;
				ONLY_ACTIVE_ARCH = YES;
				SDKROOT = iphoneos;
				SWIFT_ACTIVE_COMPILATION_CONDITIONS = "DEBUG $(inherited)";
				SWIFT_OPTIMIZATION_LEVEL = "-Onone";
			};
			name = Debug;
		};
		AFAD3C032FDD4C5200E5083C /* Release */ = {
			isa = XCBuildConfiguration;
			buildSettings = {
				ALWAYS_SEARCH_USER_PATHS = NO;
				ASSETCATALOG_COMPILER_GENERATE_SWIFT_ASSET_SYMBOL_EXTENSIONS = YES;
				CLANG_ANALYZER_NONNULL = YES;
				CLANG_ANALYZER_NUMBER_OBJECT_CONVERSION = YES_AGGRESSIVE;
				CLANG_CXX_LANGUAGE_STANDARD = "gnu++20";
				CLANG_ENABLE_MODULES = YES;
				CLANG_ENABLE_OBJC_ARC = YES;
				CLANG_ENABLE_OBJC_WEAK = YES;
				CLANG_WARN_BLOCK_CAPTURE_AUTORELEASING = YES;
				CLANG_WARN_BOOL_CONVERSION = YES;
				CLANG_WARN_COMMA = YES;
				CLANG_WARN_CONSTANT_CONVERSION = YES;
				CLANG_WARN_DEPRECATED_OBJC_IMPLEMENTATIONS = YES;
				CLANG_WARN_DIRECT_OBJC_ISA_USAGE = YES_ERROR;
				CLANG_WARN_DOCUMENTATION_COMMENTS = YES;
				CLANG_WARN_EMPTY_BODY = YES;
				CLANG_WARN_ENUM_CONVERSION = YES;
				CLANG_WARN_INFINITE_RECURSION = YES;
				CLANG_WARN_INT_CONVERSION = YES;
				CLANG_WARN_NON_LITERAL_NULL_CONVERSION = YES;
				CLANG_WARN_OBJC_IMPLICIT_RETAIN_SELF = YES;
				CLANG_WARN_OBJC_LITERAL_CONVERSION = YES;
				CLANG_WARN_OBJC_ROOT_CLASS = YES_ERROR;
				CLANG_WARN_QUOTED_INCLUDE_IN_FRAMEWORK_HEADER = YES;
				CLANG_WARN_RANGE_LOOP_ANALYSIS = YES;
				CLANG_WARN_STRICT_PROTOTYPES = YES;
				CLANG_WARN_SUSPICIOUS_MOVE = YES;
				CLANG_WARN_UNGUARDED_AVAILABILITY = YES_AGGRESSIVE;
				CLANG_WARN_UNREACHABLE_CODE = YES;
				CLANG_WARN__DUPLICATE_METHOD_MATCH = YES;
				COPY_PHASE_STRIP = NO;
				DEBUG_INFORMATION_FORMAT = "dwarf-with-dsym";
				DEVELOPMENT_TEAM = JA7LR8633A;
				ENABLE_NS_ASSERTIONS = NO;
				ENABLE_STRICT_OBJC_MSGSEND = YES;
				ENABLE_USER_SCRIPT_SANDBOXING = YES;
				GCC_C_LANGUAGE_STANDARD = gnu17;
				GCC_NO_COMMON_BLOCKS = YES;
				GCC_WARN_64_TO_32_BIT_CONVERSION = YES;
				GCC_WARN_ABOUT_RETURN_TYPE = YES_ERROR;
				GCC_WARN_UNDECLARED_SELECTOR = YES;
				GCC_WARN_UNINITIALIZED_AUTOS = YES_AGGRESSIVE;
				GCC_WARN_UNUSED_FUNCTION = YES;
				GCC_WARN_UNUSED_VARIABLE = YES;
				IPHONEOS_DEPLOYMENT_TARGET = 26.5;
				LOCALIZATION_PREFERS_STRING_CATALOGS = YES;
				MTL_ENABLE_DEBUG_INFO = NO;
				MTL_FAST_MATH = YES;
				SDKROOT = iphoneos;
				SWIFT_COMPILATION_MODE = wholemodule;
				VALIDATE_PRODUCT = YES;
			};
			name = Release;
		};
		AFAD3C052FDD4C5200E5083C /* Debug */ = {
			isa = XCBuildConfiguration;
			buildSettings = {
				ASSETCATALOG_COMPILER_APPICON_NAME = AppIcon;
				ASSETCATALOG_COMPILER_GLOBAL_ACCENT_COLOR_NAME = AccentColor;
				CODE_SIGN_STYLE = Automatic;
				CURRENT_PROJECT_VERSION = 1;
				DEVELOPMENT_TEAM = 7SW8XKHH7V;
				ENABLE_PREVIEWS = YES;
				GENERATE_INFOPLIST_FILE = YES;
				INFOPLIST_KEY_UIApplicationSceneManifest_Generation = YES;
				INFOPLIST_KEY_UIApplicationSupportsIndirectInputEvents = YES;
				INFOPLIST_KEY_UILaunchScreen_Generation = YES;
				INFOPLIST_KEY_UISupportedInterfaceOrientations_iPad = "UIInterfaceOrientationPortrait UIInterfaceOrientationPortraitUpsideDown UIInterfaceOrientationLandscapeLeft UIInterfaceOrientationLandscapeRight";
				INFOPLIST_KEY_UISupportedInterfaceOrientations_iPhone = "UIInterfaceOrientationPortrait UIInterfaceOrientationLandscapeLeft UIInterfaceOrientationLandscapeRight";
				IPHONEOS_DEPLOYMENT_TARGET = 16.0;
				LD_RUNPATH_SEARCH_PATHS = (
					"$(inherited)",
					"@executable_path/Frameworks",
				);
				MARKETING_VERSION = 1.0;
				PRODUCT_BUNDLE_IDENTIFIER = com.sixpilot.ledboard;
				PRODUCT_NAME = "$(TARGET_NAME)";
				STRING_CATALOG_GENERATE_SYMBOLS = YES;
				SWIFT_APPROACHABLE_CONCURRENCY = YES;
				SWIFT_DEFAULT_ACTOR_ISOLATION = MainActor;
				SWIFT_EMIT_LOC_STRINGS = YES;
				SWIFT_UPCOMING_FEATURE_MEMBER_IMPORT_VISIBILITY = YES;
				SWIFT_VERSION = 5.0;
				TARGETED_DEVICE_FAMILY = "1,2";
			};
			name = Debug;
		};
		AFAD3C062FDD4C5200E5083C /* Release */ = {
			isa = XCBuildConfiguration;
			buildSettings = {
				ASSETCATALOG_COMPILER_APPICON_NAME = AppIcon;
				ASSETCATALOG_COMPILER_GLOBAL_ACCENT_COLOR_NAME = AccentColor;
				CODE_SIGN_STYLE = Automatic;
				CURRENT_PROJECT_VERSION = 1;
				DEVELOPMENT_TEAM = 7SW8XKHH7V;
				ENABLE_PREVIEWS = YES;
				GENERATE_INFOPLIST_FILE = YES;
				INFOPLIST_KEY_UIApplicationSceneManifest_Generation = YES;
				INFOPLIST_KEY_UIApplicationSupportsIndirectInputEvents = YES;
				INFOPLIST_KEY_UILaunchScreen_Generation = YES;
				INFOPLIST_KEY_UISupportedInterfaceOrientations_iPad = "UIInterfaceOrientationPortrait UIInterfaceOrientationPortraitUpsideDown UIInterfaceOrientationLandscapeLeft UIInterfaceOrientationLandscapeRight";
				INFOPLIST_KEY_UISupportedInterfaceOrientations_iPhone = "UIInterfaceOrientationPortrait UIInterfaceOrientationLandscapeLeft UIInterfaceOrientationLandscapeRight";
				IPHONEOS_DEPLOYMENT_TARGET = 16.0;
				LD_RUNPATH_SEARCH_PATHS = (
					"$(inherited)",
					"@executable_path/Frameworks",
				);
				MARKETING_VERSION = 1.0;
				PRODUCT_BUNDLE_IDENTIFIER = com.sixpilot.ledboard;
				PRODUCT_NAME = "$(TARGET_NAME)";
				STRING_CATALOG_GENERATE_SYMBOLS = YES;
				SWIFT_APPROACHABLE_CONCURRENCY = YES;
				SWIFT_DEFAULT_ACTOR_ISOLATION = MainActor;
				SWIFT_EMIT_LOC_STRINGS = YES;
				SWIFT_UPCOMING_FEATURE_MEMBER_IMPORT_VISIBILITY = YES;
				SWIFT_VERSION = 5.0;
				TARGETED_DEVICE_FAMILY = "1,2";
			};
			name = Release;
		};
		AFAD3C1A2FDD580000E5083C /* Debug */ = {
			isa = XCBuildConfiguration;
			buildSettings = {
				BUNDLE_LOADER = "$(TEST_HOST)";
				CODE_SIGN_STYLE = Automatic;
				CURRENT_PROJECT_VERSION = 1;
				DEVELOPMENT_TEAM = JA7LR8633A;
				GENERATE_INFOPLIST_FILE = YES;
				IPHONEOS_DEPLOYMENT_TARGET = 26.5;
				LD_RUNPATH_SEARCH_PATHS = (
					"$(inherited)",
					"@executable_path/Frameworks",
					"@loader_path/Frameworks",
				);
				MARKETING_VERSION = 1.0;
				PRODUCT_BUNDLE_IDENTIFIER = nts.sixblack.SubscriptionKitExampleTests;
				PRODUCT_NAME = "$(TARGET_NAME)";
				SWIFT_APPROACHABLE_CONCURRENCY = YES;
				SWIFT_DEFAULT_ACTOR_ISOLATION = MainActor;
				SWIFT_EMIT_LOC_STRINGS = NO;
				SWIFT_UPCOMING_FEATURE_MEMBER_IMPORT_VISIBILITY = YES;
				SWIFT_VERSION = 5.0;
				TEST_HOST = "$(BUILT_PRODUCTS_DIR)/SubscriptionKitExample.app/$(BUNDLE_EXECUTABLE_FOLDER_PATH)/SubscriptionKitExample";
			};
			name = Debug;
		};
		AFAD3C1B2FDD580000E5083C /* Release */ = {
			isa = XCBuildConfiguration;
			buildSettings = {
				BUNDLE_LOADER = "$(TEST_HOST)";
				CODE_SIGN_STYLE = Automatic;
				CURRENT_PROJECT_VERSION = 1;
				DEVELOPMENT_TEAM = JA7LR8633A;
				GENERATE_INFOPLIST_FILE = YES;
				IPHONEOS_DEPLOYMENT_TARGET = 26.5;
				LD_RUNPATH_SEARCH_PATHS = (
					"$(inherited)",
					"@executable_path/Frameworks",
					"@loader_path/Frameworks",
				);
				MARKETING_VERSION = 1.0;
				PRODUCT_BUNDLE_IDENTIFIER = nts.sixblack.SubscriptionKitExampleTests;
				PRODUCT_NAME = "$(TARGET_NAME)";
				SWIFT_APPROACHABLE_CONCURRENCY = YES;
				SWIFT_DEFAULT_ACTOR_ISOLATION = MainActor;
				SWIFT_EMIT_LOC_STRINGS = NO;
				SWIFT_UPCOMING_FEATURE_MEMBER_IMPORT_VISIBILITY = YES;
				SWIFT_VERSION = 5.0;
				TEST_HOST = "$(BUILT_PRODUCTS_DIR)/SubscriptionKitExample.app/$(BUNDLE_EXECUTABLE_FOLDER_PATH)/SubscriptionKitExample";
			};
			name = Release;
		};
/* End XCBuildConfiguration section */

/* Begin XCConfigurationList section */
		AFAD3BF42FDD4C5200E5083C /* Build configuration list for PBXProject "SubscriptionKitExample" */ = {
			isa = XCConfigurationList;
			buildConfigurations = (
				AFAD3C022FDD4C5200E5083C /* Debug */,
				AFAD3C032FDD4C5200E5083C /* Release */,
			);
			defaultConfigurationIsVisible = 0;
			defaultConfigurationName = Release;
		};
		AFAD3C042FDD4C5200E5083C /* Build configuration list for PBXNativeTarget "SubscriptionKitExample" */ = {
			isa = XCConfigurationList;
			buildConfigurations = (
				AFAD3C052FDD4C5200E5083C /* Debug */,
				AFAD3C062FDD4C5200E5083C /* Release */,
			);
			defaultConfigurationIsVisible = 0;
			defaultConfigurationName = Release;
		};
		AFAD3C192FDD580000E5083C /* Build configuration list for PBXNativeTarget "SubscriptionKitExampleTests" */ = {
			isa = XCConfigurationList;
			buildConfigurations = (
				AFAD3C1A2FDD580000E5083C /* Debug */,
				AFAD3C1B2FDD580000E5083C /* Release */,
			);
			defaultConfigurationIsVisible = 0;
			defaultConfigurationName = Release;
		};
/* End XCConfigurationList section */

/* Begin XCLocalSwiftPackageReference section */
		AF001AAA2FFF000000000003 /* XCLocalSwiftPackageReference "../" */ = {
			isa = XCLocalSwiftPackageReference;
			relativePath = ../;
		};
/* End XCLocalSwiftPackageReference section */

/* Begin XCRemoteSwiftPackageReference section */
		AFAD3C072FDD4C8300E5083C /* XCRemoteSwiftPackageReference "purchases-ios-spm" */ = {
			isa = XCRemoteSwiftPackageReference;
			repositoryURL = "https://github.com/RevenueCat/purchases-ios-spm.git";
			requirement = {
				kind = upToNextMajorVersion;
				minimumVersion = 5.78.0;
			};
		};
/* End XCRemoteSwiftPackageReference section */

/* Begin XCSwiftPackageProductDependency section */
		AF001AAA2FFF000000000002 /* SubscriptionKit */ = {
			isa = XCSwiftPackageProductDependency;
			package = AF001AAA2FFF000000000003 /* XCLocalSwiftPackageReference "../" */;
			productName = SubscriptionKit;
		};
		AFAD3C082FDD4C8400E5083C /* ReceiptParser */ = {
			isa = XCSwiftPackageProductDependency;
			package = AFAD3C072FDD4C8300E5083C /* XCRemoteSwiftPackageReference "purchases-ios-spm" */;
			productName = ReceiptParser;
		};
		AFAD3C0A2FDD4C8400E5083C /* RevenueCat */ = {
			isa = XCSwiftPackageProductDependency;
			package = AFAD3C072FDD4C8300E5083C /* XCRemoteSwiftPackageReference "purchases-ios-spm" */;
			productName = RevenueCat;
		};
		AFAD3C0C2FDD4C8400E5083C /* RevenueCatUI */ = {
			isa = XCSwiftPackageProductDependency;
			package = AFAD3C072FDD4C8300E5083C /* XCRemoteSwiftPackageReference "purchases-ios-spm" */;
			productName = RevenueCatUI;
		};
/* End XCSwiftPackageProductDependency section */
	};
	rootObject = AFAD3BF12FDD4C5200E5083C /* Project object */;
}
