{
  "originHash" : "829ca91602307f1c90692841aaebc86c772e4dc0833dac77b19bb79b1de5cd8a",
  "pins" : [
    {
      "identity" : "purchases-ios-spm",
      "kind" : "remoteSourceControl",
      "location" : "https://github.com/RevenueCat/purchases-ios-spm.git",
      "state" : {
        "revision" : "629a56ecef190469914b8f0914bf0446363eb09f",
        "version" : "5.78.0"
      }
    },
    {
      "identity" : "swiftinjected",
      "kind" : "remoteSourceControl",
      "location" : "https://github.com/nts-sixblack/SwiftInjected.git",
      "state" : {
        "revision" : "3b82eaff7ba403f6959e6c1cfba3e632d0b44476",
        "version" : "1.0.0"
      }
    }
  ],
  "version" : 3
}
